
Microsoft Visual Studio Solution File, Format Version 12.00
# Visual Studio 15
VisualStudioVersion = 15.0.28307.852
MinimumVisualStudioVersion = 10.0.40219.1
Project("{FAE04EC0-301F-11D3-BF4B-00C04F79EFBC}") = "Pinterest", "Pinterest\Pinterest.csproj", "{AB93171C-A1A3-4809-BBAB-03210CFE7E98}"
EndProject
Global
	GlobalSection(SolutionConfigurationPlatforms) = preSolution
		Debug|Any CPU = Debug|Any CPU
		Release|Any CPU = Release|Any CPU
	EndGlobalSection
	GlobalSection(ProjectConfigurationPlatforms) = postSolution
		{AB93171C-A1A3-4809-BBAB-03210CFE7E98}.Debug|Any CPU.ActiveCfg = Debug|Any CPU
		{AB93171C-A1A3-4809-BBAB-03210CFE7E98}.Debug|Any CPU.Build.0 = Debug|Any CPU
		{AB93171C-A1A3-4809-BBAB-03210CFE7E98}.Release|Any CPU.ActiveCfg = Release|Any CPU
		{AB93171C-A1A3-4809-BBAB-03210CFE7E98}.Release|Any CPU.Build.0 = Release|Any CPU
	EndGlobalSection
	GlobalSection(SolutionProperties) = preSolution
		HideSolutionNode = FALSE
	EndGlobalSection
	GlobalSection(ExtensibilityGlobals) = postSolution
		SolutionGuid = {FB12F724-8329-4D73-81EA-4BCF9702C5E0}
	EndGlobalSection
EndGlobal
